
Microsoft Visual Studio Solution File, Format Version 12.00
# Visual Studio Version 17
VisualStudioVersion = 17.4.33122.133
MinimumVisualStudioVersion = 10.0.40219.1
Project("{9A19103F-16F7-4668-BE54-9A1E7A4F7556}") = "WPF_AllApplications", "WPF_AllApplications.csproj", "{BFD1842E-A9CE-4202-B616-D1A84EF5B9C4}"
EndProject
Global
	GlobalSection(SolutionConfigurationPlatforms) = preSolution
		Debug|Any CPU = Debug|Any CPU
		Release|Any CPU = Release|Any CPU
	EndGlobalSection
	GlobalSection(ProjectConfigurationPlatforms) = postSolution
		{BFD1842E-A9CE-4202-B616-D1A84EF5B9C4}.Debug|Any CPU.ActiveCfg = Debug|Any CPU
		{BFD1842E-A9CE-4202-B616-D1A84EF5B9C4}.Debug|Any CPU.Build.0 = Debug|Any CPU
		{BFD1842E-A9CE-4202-B616-D1A84EF5B9C4}.Release|Any CPU.ActiveCfg = Release|Any CPU
		{BFD1842E-A9CE-4202-B616-D1A84EF5B9C4}.Release|Any CPU.Build.0 = Release|Any CPU
	EndGlobalSection
	GlobalSection(SolutionProperties) = preSolution
		HideSolutionNode = FALSE
	EndGlobalSection
	GlobalSection(ExtensibilityGlobals) = postSolution
		SolutionGuid = {724AEE03-8E64-469A-907F-52CDCDED38CD}
	EndGlobalSection
EndGlobal
